// !$*UTF8*$!
{
	archiveVersion = 1;
	classes = {
	};
	objectVersion = 50;
	objects = {

/* Begin PBXBuildFile section */
		8421D2C6249BECD9006557EF /* AppDelegate.swift in Sources */ = {isa = PBXBuildFile; fileRef = 8421D2C5249BECD9006557EF /* AppDelegate.swift */; };
		8421D2C8249BECD9006557EF /* SceneDelegate.swift in Sources */ = {isa = PBXBuildFile; fileRef = 8421D2C7249BECD9006557EF /* SceneDelegate.swift */; };
		8421D2CA249BECD9006557EF /* ViewController.swift in Sources */ = {isa = PBXBuildFile; fileRef = 8421D2C9249BECD9006557EF /* ViewController.swift */; };
		8421D2CD249BECD9006557EF /* Main.storyboard in Resources */ = {isa = PBXBuildFile; fileRef = 8421D2CB249BECD9006557EF /* Main.storyboard */; };
		8421D2CF249BECDA006557EF /* Assets.xcassets in Resources */ = {isa = PBXBuildFile; fileRef = 8421D2CE249BECDA006557EF /* Assets.xcassets */; };
		8421D2D2249BECDA006557EF /* LaunchScreen.storyboard in Resources */ = {isa = PBXBuildFile; fileRef = 8421D2D0249BECDA006557EF /* LaunchScreen.storyboard */; };
		8421D2DD249BECDB006557EF /* miniProject2Tests.swift in Sources */ = {isa = PBXBuildFile; fileRef = 8421D2DC249BECDB006557EF /* miniProject2Tests.swift */; };
		8421D2E8249BECDB006557EF /* miniProject2UITests.swift in Sources */ = {isa = PBXBuildFile; fileRef = 8421D2E7249BECDB006557EF /* miniProject2UITests.swift */; };
		8421D2F6249BF408006557EF /* starbucks in Resources */ = {isa = PBXBuildFile; fileRef = 8421D2F5249BF408006557EF /* starbucks */; };
		84298B29249D05CF008F265C /* questionNumber1ViewController.swift in Sources */ = {isa = PBXBuildFile; fileRef = 84298B28249D05CF008F265C /* questionNumber1ViewController.swift */; };
		84298B2A249D05CF008F265C /* questionNumber1ViewController.swift in Sources */ = {isa = PBXBuildFile; fileRef = 84298B28249D05CF008F265C /* questionNumber1ViewController.swift */; };
		84298B2B249D05CF008F265C /* questionNumber1ViewController.swift in Sources */ = {isa = PBXBuildFile; fileRef = 84298B28249D05CF008F265C /* questionNumber1ViewController.swift */; };
		84298B2D249D0633008F265C /* questionNumber2.swift in Sources */ = {isa = PBXBuildFile; fileRef = 84298B2C249D0633008F265C /* questionNumber2.swift */; };
		84298B2E249D0633008F265C /* questionNumber2.swift in Sources */ = {isa = PBXBuildFile; fileRef = 84298B2C249D0633008F265C /* questionNumber2.swift */; };
		84298B2F249D0633008F265C /* questionNumber2.swift in Sources */ = {isa = PBXBuildFile; fileRef = 84298B2C249D0633008F265C /* questionNumber2.swift */; };
/* End PBXBuildFile section */

/* Begin PBXContainerItemProxy section */
		8421D2D9249BECDB006557EF /* PBXContainerItemProxy */ = {
			isa = PBXContainerItemProxy;
			containerPortal = 8421D2BA249BECD9006557EF /* Project object */;
			proxyType = 1;
			remoteGlobalIDString = 8421D2C1249BECD9006557EF;
			remoteInfo = miniProject2;
		};
		8421D2E4249BECDB006557EF /* PBXContainerItemProxy */ = {
			isa = PBXContainerItemProxy;
			containerPortal = 8421D2BA249BECD9006557EF /* Project object */;
			proxyType = 1;
			remoteGlobalIDString = 8421D2C1249BECD9006557EF;
			remoteInfo = miniProject2;
		};
/* End PBXContainerItemProxy section */

/* Begin PBXFileReference section */
		8421D2C2249BECD9006557EF /* miniProject2.app */ = {isa = PBXFileReference; explicitFileType = wrapper.application; includeInIndex = 0; path = miniProject2.app; sourceTree = BUILT_PRODUCTS_DIR; };
		8421D2C5249BECD9006557EF /* AppDelegate.swift */ = {isa = PBXFileReference; lastKnownFileType = sourcecode.swift; path = AppDelegate.swift; sourceTree = "<group>"; };
		8421D2C7249BECD9006557EF /* SceneDelegate.swift */ = {isa = PBXFileReference; lastKnownFileType = sourcecode.swift; path = SceneDelegate.swift; sourceTree = "<group>"; };
		8421D2C9249BECD9006557EF /* ViewController.swift */ = {isa = PBXFileReference; lastKnownFileType = sourcecode.swift; path = ViewController.swift; sourceTree = "<group>"; };
		8421D2CC249BECD9006557EF /* Base */ = {isa = PBXFileReference; lastKnownFileType = file.storyboard; name = Base; path = Base.lproj/Main.storyboard; sourceTree = "<group>"; };
		8421D2CE249BECDA006557EF /* Assets.xcassets */ = {isa = PBXFileReference; lastKnownFileType = folder.assetcatalog; path = Assets.xcassets; sourceTree = "<group>"; };
		8421D2D1249BECDA006557EF /* Base */ = {isa = PBXFileReference; lastKnownFileType = file.storyboard; name = Base; path = Base.lproj/LaunchScreen.storyboard; sourceTree = "<group>"; };
		8421D2D3249BECDA006557EF /* Info.plist */ = {isa = PBXFileReference; lastKnownFileType = text.plist.xml; path = Info.plist; sourceTree = "<group>"; };
		8421D2D8249BECDB006557EF /* miniProject2Tests.xctest */ = {isa = PBXFileReference; explicitFileType = wrapper.cfbundle; includeInIndex = 0; path = miniProject2Tests.xctest; sourceTree = BUILT_PRODUCTS_DIR; };
		8421D2DC249BECDB006557EF /* miniProject2Tests.swift */ = {isa = PBXFileReference; lastKnownFileType = sourcecode.swift; path = miniProject2Tests.swift; sourceTree = "<group>"; };
		8421D2DE249BECDB006557EF /* Info.plist */ = {isa = PBXFileReference; lastKnownFileType = text.plist.xml; path = Info.plist; sourceTree = "<group>"; };
		8421D2E3249BECDB006557EF /* miniProject2UITests.xctest */ = {isa = PBXFileReference; explicitFileType = wrapper.cfbundle; includeInIndex = 0; path = miniProject2UITests.xctest; sourceTree = BUILT_PRODUCTS_DIR; };
		8421D2E7249BECDB006557EF /* miniProject2UITests.swift */ = {isa = PBXFileReference; lastKnownFileType = sourcecode.swift; path = miniProject2UITests.swift; sourceTree = "<group>"; };
		8421D2E9249BECDB006557EF /* Info.plist */ = {isa = PBXFileReference; lastKnownFileType = text.plist.xml; path = Info.plist; sourceTree = "<group>"; };
		8421D2F5249BF408006557EF /* starbucks */ = {isa = PBXFileReference; lastKnownFileType = folder; name = starbucks; path = ../../../../Downloads/starbucks; sourceTree = "<group>"; };
		84298B28249D05CF008F265C /* questionNumber1ViewController.swift */ = {isa = PBXFileReference; lastKnownFileType = sourcecode.swift; path = questionNumber1ViewController.swift; sourceTree = "<group>"; };
		84298B2C249D0633008F265C /* questionNumber2.swift */ = {isa = PBXFileReference; lastKnownFileType = sourcecode.swift; path = questionNumber2.swift; sourceTree = "<group>"; };
/* End PBXFileReference section */

/* Begin PBXFrameworksBuildPhase section */
		8421D2BF249BECD9006557EF /* Frameworks */ = {
			isa = PBXFrameworksBuildPhase;
			buildActionMask = 2147483647;
			files = (
			);
			runOnlyForDeploymentPostprocessing = 0;
		};
		8421D2D5249BECDB006557EF /* Frameworks */ = {
			isa = PBXFrameworksBuildPhase;
			buildActionMask = 2147483647;
			files = (
			);
			runOnlyForDeploymentPostprocessing = 0;
		};
		8421D2E0249BECDB006557EF /* Frameworks */ = {
			isa = PBXFrameworksBuildPhase;
			buildActionMask = 2147483647;
			files = (
			);
			runOnlyForDeploymentPostprocessing = 0;
		};
/* End PBXFrameworksBuildPhase section */

/* Begin PBXGroup section */
		8421D2B9249BECD9006557EF = {
			isa = PBXGroup;
			children = (
				8421D2F5249BF408006557EF /* starbucks */,
				8421D2C4249BECD9006557EF /* miniProject2 */,
				8421D2DB249BECDB006557EF /* miniProject2Tests */,
				8421D2E6249BECDB006557EF /* miniProject2UITests */,
				8421D2C3249BECD9006557EF /* Products */,
			);
			sourceTree = "<group>";
		};
		8421D2C3249BECD9006557EF /* Products */ = {
			isa = PBXGroup;
			children = (
				8421D2C2249BECD9006557EF /* miniProject2.app */,
				8421D2D8249BECDB006557EF /* miniProject2Tests.xctest */,
				8421D2E3249BECDB006557EF /* miniProject2UITests.xctest */,
			);
			name = Products;
			sourceTree = "<group>";
		};
		8421D2C4249BECD9006557EF /* miniProject2 */ = {
			isa = PBXGroup;
			children = (
				8421D2C5249BECD9006557EF /* AppDelegate.swift */,
				8421D2C7249BECD9006557EF /* SceneDelegate.swift */,
				8421D2C9249BECD9006557EF /* ViewController.swift */,
				8421D2CB249BECD9006557EF /* Main.storyboard */,
				8421D2CE249BECDA006557EF /* Assets.xcassets */,
				8421D2D0249BECDA006557EF /* LaunchScreen.storyboard */,
				8421D2D3249BECDA006557EF /* Info.plist */,
				84298B28249D05CF008F265C /* questionNumber1ViewController.swift */,
				84298B2C249D0633008F265C /* questionNumber2.swift */,
			);
			path = miniProject2;
			sourceTree = "<group>";
		};
		8421D2DB249BECDB006557EF /* miniProject2Tests */ = {
			isa = PBXGroup;
			children = (
				8421D2DC249BECDB006557EF /* miniProject2Tests.swift */,
				8421D2DE249BECDB006557EF /* Info.plist */,
			);
			path = miniProject2Tests;
			sourceTree = "<group>";
		};
		8421D2E6249BECDB006557EF /* miniProject2UITests */ = {
			isa = PBXGroup;
			children = (
				8421D2E7249BECDB006557EF /* miniProject2UITests.swift */,
				8421D2E9249BECDB006557EF /* Info.plist */,
			);
			path = miniProject2UITests;
			sourceTree = "<group>";
		};
/* End PBXGroup section */

/* Begin PBXNativeTarget section */
		8421D2C1249BECD9006557EF /* miniProject2 */ = {
			isa = PBXNativeTarget;
			buildConfigurationList = 8421D2EC249BECDB006557EF /* Build configuration list for PBXNativeTarget "miniProject2" */;
			buildPhases = (
				8421D2BE249BECD9006557EF /* Sources */,
				8421D2BF249BECD9006557EF /* Frameworks */,
				8421D2C0249BECD9006557EF /* Resources */,
			);
			buildRules = (
			);
			dependencies = (
			);
			name = miniProject2;
			productName = miniProject2;
			productReference = 8421D2C2249BECD9006557EF /* miniProject2.app */;
			productType = "com.apple.product-type.application";
		};
		8421D2D7249BECDB006557EF /* miniProject2Tests */ = {
			isa = PBXNativeTarget;
			buildConfigurationList = 8421D2EF249BECDB006557EF /* Build configuration list for PBXNativeTarget "miniProject2Tests" */;
			buildPhases = (
				8421D2D4249BECDB006557EF /* Sources */,
				8421D2D5249BECDB006557EF /* Frameworks */,
				8421D2D6249BECDB006557EF /* Resources */,
			);
			buildRules = (
			);
			dependencies = (
				8421D2DA249BECDB006557EF /* PBXTargetDependency */,
			);
			name = miniProject2Tests;
			productName = miniProject2Tests;
			productReference = 8421D2D8249BECDB006557EF /* miniProject2Tests.xctest */;
			productType = "com.apple.product-type.bundle.unit-test";
		};
		8421D2E2249BECDB006557EF /* miniProject2UITests */ = {
			isa = PBXNativeTarget;
			buildConfigurationList = 8421D2F2249BECDB006557EF /* Build configuration list for PBXNativeTarget "miniProject2UITests" */;
			buildPhases = (
				8421D2DF249BECDB006557EF /* Sources */,
				8421D2E0249BECDB006557EF /* Frameworks */,
				8421D2E1249BECDB006557EF /* Resources */,
			);
			buildRules = (
			);
			dependencies = (
				8421D2E5249BECDB006557EF /* PBXTargetDependency */,
			);
			name = miniProject2UITests;
			productName = miniProject2UITests;
			productReference = 8421D2E3249BECDB006557EF /* miniProject2UITests.xctest */;
			productType = "com.apple.product-type.bundle.ui-testing";
		};
/* End PBXNativeTarget section */

/* Begin PBXProject section */
		8421D2BA249BECD9006557EF /* Project object */ = {
			isa = PBXProject;
			attributes = {
				LastSwiftUpdateCheck = 1150;
				LastUpgradeCheck = 1150;
				ORGANIZATIONNAME = admin;
				TargetAttributes = {
					8421D2C1249BECD9006557EF = {
						CreatedOnToolsVersion = 11.5;
					};
					8421D2D7249BECDB006557EF = {
						CreatedOnToolsVersion = 11.5;
						TestTargetID = 8421D2C1249BECD9006557EF;
					};
					8421D2E2249BECDB006557EF = {
						CreatedOnToolsVersion = 11.5;
						TestTargetID = 8421D2C1249BECD9006557EF;
					};
				};
			};
			buildConfigurationList = 8421D2BD249BECD9006557EF /* Build configuration list for PBXProject "miniProject2" */;
			compatibilityVersion = "Xcode 9.3";
			developmentRegion = en;
			hasScannedForEncodings = 0;
			knownRegions = (
				en,
				Base,
			);
			mainGroup = 8421D2B9249BECD9006557EF;
			productRefGroup = 8421D2C3249BECD9006557EF /* Products */;
			projectDirPath = "";
			projectRoot = "";
			targets = (
				8421D2C1249BECD9006557EF /* miniProject2 */,
				8421D2D7249BECDB006557EF /* miniProject2Tests */,
				8421D2E2249BECDB006557EF /* miniProject2UITests */,
			);
		};
/* End PBXProject section */

/* Begin PBXResourcesBuildPhase section */
		8421D2C0249BECD9006557EF /* Resources */ = {
			isa = PBXResourcesBuildPhase;
			buildActionMask = 2147483647;
			files = (
				8421D2D2249BECDA006557EF /* LaunchScreen.storyboard in Resources */,
				8421D2CF249BECDA006557EF /* Assets.xcassets in Resources */,
				8421D2CD249BECD9006557EF /* Main.storyboard in Resources */,
				8421D2F6249BF408006557EF /* starbucks in Resources */,
			);
			runOnlyForDeploymentPostprocessing = 0;
		};
		8421D2D6249BECDB006557EF /* Resources */ = {
			isa = PBXResourcesBuildPhase;
			buildActionMask = 2147483647;
			files = (
			);
			runOnlyForDeploymentPostprocessing = 0;
		};
		8421D2E1249BECDB006557EF /* Resources */ = {
			isa = PBXResourcesBuildPhase;
			buildActionMask = 2147483647;
			files = (
			);
			runOnlyForDeploymentPostprocessing = 0;
		};
/* End PBXResourcesBuildPhase section */

/* Begin PBXSourcesBuildPhase section */
		8421D2BE249BECD9006557EF /* Sources */ = {
			isa = PBXSourcesBuildPhase;
			buildActionMask = 2147483647;
			files = (
				8421D2CA249BECD9006557EF /* ViewController.swift in Sources */,
				8421D2C6249BECD9006557EF /* AppDelegate.swift in Sources */,
				8421D2C8249BECD9006557EF /* SceneDelegate.swift in Sources */,
				84298B29249D05CF008F265C /* questionNumber1ViewController.swift in Sources */,
				84298B2D249D0633008F265C /* questionNumber2.swift in Sources */,
			);
			runOnlyForDeploymentPostprocessing = 0;
		};
		8421D2D4249BECDB006557EF /* Sources */ = {
			isa = PBXSourcesBuildPhase;
			buildActionMask = 2147483647;
			files = (
				84298B2E249D0633008F265C /* questionNumber2.swift in Sources */,
				8421D2DD249BECDB006557EF /* miniProject2Tests.swift in Sources */,
				84298B2A249D05CF008F265C /* questionNumber1ViewController.swift in Sources */,
			);
			runOnlyForDeploymentPostprocessing = 0;
		};
		8421D2DF249BECDB006557EF /* Sources */ = {
			isa = PBXSourcesBuildPhase;
			buildActionMask = 2147483647;
			files = (
				84298B2F249D0633008F265C /* questionNumber2.swift in Sources */,
				8421D2E8249BECDB006557EF /* miniProject2UITests.swift in Sources */,
				84298B2B249D05CF008F265C /* questionNumber1ViewController.swift in Sources */,
			);
			runOnlyForDeploymentPostprocessing = 0;
		};
/* End PBXSourcesBuildPhase section */

/* Begin PBXTargetDependency section */
		8421D2DA249BECDB006557EF /* PBXTargetDependency */ = {
			isa = PBXTargetDependency;
			target = 8421D2C1249BECD9006557EF /* miniProject2 */;
			targetProxy = 8421D2D9249BECDB006557EF /* PBXContainerItemProxy */;
		};
		8421D2E5249BECDB006557EF /* PBXTargetDependency */ = {
			isa = PBXTargetDependency;
			target = 8421D2C1249BECD9006557EF /* miniProject2 */;
			targetProxy = 8421D2E4249BECDB006557EF /* PBXContainerItemProxy */;
		};
/* End PBXTargetDependency section */

/* Begin PBXVariantGroup section */
		8421D2CB249BECD9006557EF /* Main.storyboard */ = {
			isa = PBXVariantGroup;
			children = (
				8421D2CC249BECD9006557EF /* Base */,
			);
			name = Main.storyboard;
			sourceTree = "<group>";
		};
		8421D2D0249BECDA006557EF /* LaunchScreen.storyboard */ = {
			isa = PBXVariantGroup;
			children = (
				8421D2D1249BECDA006557EF /* Base */,
			);
			name = LaunchScreen.storyboard;
			sourceTree = "<group>";
		};
/* End PBXVariantGroup section */

/* Begin XCBuildConfiguration section */
		8421D2EA249BECDB006557EF /* Debug */ = {
			isa = XCBuildConfiguration;
			buildSettings = {
				ALWAYS_SEARCH_USER_PATHS = NO;
				CLANG_ANALYZER_NONNULL = YES;
				CLANG_ANALYZER_NUMBER_OBJECT_CONVERSION = YES_AGGRESSIVE;
				CLANG_CXX_LANGUAGE_STANDARD = "gnu++14";
				CLANG_CXX_LIBRARY = "libc++";
				CLANG_ENABLE_MODULES = YES;
				CLANG_ENABLE_OBJC_ARC = YES;
				CLANG_ENABLE_OBJC_WEAK = YES;
				CLANG_WARN_BLOCK_CAPTURE_AUTORELEASING = YES;
				CLANG_WARN_BOOL_CONVERSION = YES;
				CLANG_WARN_COMMA = YES;
				CLANG_WARN_CONSTANT_CONVERSION = YES;
				CLANG_WARN_DEPRECATED_OBJC_IMPLEMENTATIONS = YES;
				CLANG_WARN_DIRECT_OBJC_ISA_USAGE = YES_ERROR;
				CLANG_WARN_DOCUMENTATION_COMMENTS = YES;
				CLANG_WARN_EMPTY_BODY = YES;
				CLANG_WARN_ENUM_CONVERSION = YES;
				CLANG_WARN_INFINITE_RECURSION = YES;
				CLANG_WARN_INT_CONVERSION = YES;
				CLANG_WARN_NON_LITERAL_NULL_CONVERSION = YES;
				CLANG_WARN_OBJC_IMPLICIT_RETAIN_SELF = YES;
				CLANG_WARN_OBJC_LITERAL_CONVERSION = YES;
				CLANG_WARN_OBJC_ROOT_CLASS = YES_ERROR;
				CLANG_WARN_RANGE_LOOP_ANALYSIS = YES;
				CLANG_WARN_STRICT_PROTOTYPES = YES;
				CLANG_WARN_SUSPICIOUS_MOVE = YES;
				CLANG_WARN_UNGUARDED_AVAILABILITY = YES_AGGRESSIVE;
				CLANG_WARN_UNREACHABLE_CODE = YES;
				CLANG_WARN__DUPLICATE_METHOD_MATCH = YES;
				COPY_PHASE_STRIP = NO;
				DEBUG_INFORMATION_FORMAT = dwarf;
				ENABLE_STRICT_OBJC_MSGSEND = YES;
				ENABLE_TESTABILITY = YES;
				GCC_C_LANGUAGE_STANDARD = gnu11;
				GCC_DYNAMIC_NO_PIC = NO;
				GCC_NO_COMMON_BLOCKS = YES;
				GCC_OPTIMIZATION_LEVEL = 0;
				GCC_PREPROCESSOR_DEFINITIONS = (
					"DEBUG=1",
					"$(inherited)",
				);
				GCC_WARN_64_TO_32_BIT_CONVERSION = YES;
				GCC_WARN_ABOUT_RETURN_TYPE = YES_ERROR;
				GCC_WARN_UNDECLARED_SELECTOR = YES;
				GCC_WARN_UNINITIALIZED_AUTOS = YES_AGGRESSIVE;
				GCC_WARN_UNUSED_FUNCTION = YES;
				GCC_WARN_UNUSED_VARIABLE = YES;
				IPHONEOS_DEPLOYMENT_TARGET = 13.5;
				MTL_ENABLE_DEBUG_INFO = INCLUDE_SOURCE;
				MTL_FAST_MATH = YES;
				ONLY_ACTIVE_ARCH = YES;
				SDKROOT = iphoneos;
				SWIFT_ACTIVE_COMPILATION_CONDITIONS = DEBUG;
				SWIFT_OPTIMIZATION_LEVEL = "-Onone";
			};
			name = Debug;
		};
		8421D2EB249BECDB006557EF /* Release */ = {
			isa = XCBuildConfiguration;
			buildSettings = {
				ALWAYS_SEARCH_USER_PATHS = NO;
				CLANG_ANALYZER_NONNULL = YES;
				CLANG_ANALYZER_NUMBER_OBJECT_CONVERSION = YES_AGGRESSIVE;
				CLANG_CXX_LANGUAGE_STANDARD = "gnu++14";
				CLANG_CXX_LIBRARY = "libc++";
				CLANG_ENABLE_MODULES = YES;
				CLANG_ENABLE_OBJC_ARC = YES;
				CLANG_ENABLE_OBJC_WEAK = YES;
				CLANG_WARN_BLOCK_CAPTURE_AUTORELEASING = YES;
				CLANG_WARN_BOOL_CONVERSION = YES;
				CLANG_WARN_COMMA = YES;
				CLANG_WARN_CONSTANT_CONVERSION = YES;
				CLANG_WARN_DEPRECATED_OBJC_IMPLEMENTATIONS = YES;
				CLANG_WARN_DIRECT_OBJC_ISA_USAGE = YES_ERROR;
				CLANG_WARN_DOCUMENTATION_COMMENTS = YES;
				CLANG_WARN_EMPTY_BODY = YES;
				CLANG_WARN_ENUM_CONVERSION = YES;
				CLANG_WARN_INFINITE_RECURSION = YES;
				CLANG_WARN_INT_CONVERSION = YES;
				CLANG_WARN_NON_LITERAL_NULL_CONVERSION = YES;
				CLANG_WARN_OBJC_IMPLICIT_RETAIN_SELF = YES;
				CLANG_WARN_OBJC_LITERAL_CONVERSION = YES;
				CLANG_WARN_OBJC_ROOT_CLASS = YES_ERROR;
				CLANG_WARN_RANGE_LOOP_ANALYSIS = YES;
				CLANG_WARN_STRICT_PROTOTYPES = YES;
				CLANG_WARN_SUSPICIOUS_MOVE = YES;
				CLANG_WARN_UNGUARDED_AVAILABILITY = YES_AGGRESSIVE;
				CLANG_WARN_UNREACHABLE_CODE = YES;
				CLANG_WARN__DUPLICATE_METHOD_MATCH = YES;
				COPY_PHASE_STRIP = NO;
				DEBUG_INFORMATION_FORMAT = "dwarf-with-dsym";
				ENABLE_NS_ASSERTIONS = NO;
				ENABLE_STRICT_OBJC_MSGSEND = YES;
				GCC_C_LANGUAGE_STANDARD = gnu11;
				GCC_NO_COMMON_BLOCKS = YES;
				GCC_WARN_64_TO_32_BIT_CONVERSION = YES;
				GCC_WARN_ABOUT_RETURN_TYPE = YES_ERROR;
				GCC_WARN_UNDECLARED_SELECTOR = YES;
				GCC_WARN_UNINITIALIZED_AUTOS = YES_AGGRESSIVE;
				GCC_WARN_UNUSED_FUNCTION = YES;
				GCC_WARN_UNUSED_VARIABLE = YES;
				IPHONEOS_DEPLOYMENT_TARGET = 13.5;
				MTL_ENABLE_DEBUG_INFO = NO;
				MTL_FAST_MATH = YES;
				SDKROOT = iphoneos;
				SWIFT_COMPILATION_MODE = wholemodule;
				SWIFT_OPTIMIZATION_LEVEL = "-O";
				VALIDATE_PRODUCT = YES;
			};
			name = Release;
		};
		8421D2ED249BECDB006557EF /* Debug */ = {
			isa = XCBuildConfiguration;
			buildSettings = {
				ASSETCATALOG_COMPILER_APPICON_NAME = AppIcon;
				CODE_SIGN_STYLE = Automatic;
				DEVELOPMENT_TEAM = A46X5PCYG5;
				INFOPLIST_FILE = miniProject2/Info.plist;
				LD_RUNPATH_SEARCH_PATHS = (
					"$(inherited)",
					"@executable_path/Frameworks",
				);
				PRODUCT_BUNDLE_IDENTIFIER = Kayley.miniProject2;
				PRODUCT_NAME = "$(TARGET_NAME)";
				SWIFT_VERSION = 5.0;
				TARGETED_DEVICE_FAMILY = "1,2";
			};
			name = Debug;
		};
		8421D2EE249BECDB006557EF /* Release */ = {
			isa = XCBuildConfiguration;
			buildSettings = {
				ASSETCATALOG_COMPILER_APPICON_NAME = AppIcon;
				CODE_SIGN_STYLE = Automatic;
				DEVELOPMENT_TEAM = A46X5PCYG5;
				INFOPLIST_FILE = miniProject2/Info.plist;
				LD_RUNPATH_SEARCH_PATHS = (
					"$(inherited)",
					"@executable_path/Frameworks",
				);
				PRODUCT_BUNDLE_IDENTIFIER = Kayley.miniProject2;
				PRODUCT_NAME = "$(TARGET_NAME)";
				SWIFT_VERSION = 5.0;
				TARGETED_DEVICE_FAMILY = "1,2";
			};
			name = Release;
		};
		8421D2F0249BECDB006557EF /* Debug */ = {
			isa = XCBuildConfiguration;
			buildSettings = {
				ALWAYS_EMBED_SWIFT_STANDARD_LIBRARIES = YES;
				BUNDLE_LOADER = "$(TEST_HOST)";
				CODE_SIGN_STYLE = Automatic;
				DEVELOPMENT_TEAM = A46X5PCYG5;
				INFOPLIST_FILE = miniProject2Tests/Info.plist;
				IPHONEOS_DEPLOYMENT_TARGET = 13.5;
				LD_RUNPATH_SEARCH_PATHS = (
					"$(inherited)",
					"@executable_path/Frameworks",
					"@loader_path/Frameworks",
				);
				PRODUCT_BUNDLE_IDENTIFIER = Kayley.miniProject2Tests;
				PRODUCT_NAME = "$(TARGET_NAME)";
				SWIFT_VERSION = 5.0;
				TARGETED_DEVICE_FAMILY = "1,2";
				TEST_HOST = "$(BUILT_PRODUCTS_DIR)/miniProject2.app/miniProject2";
			};
			name = Debug;
		};
		8421D2F1249BECDB006557EF /* Release */ = {
			isa = XCBuildConfiguration;
			buildSettings = {
				ALWAYS_EMBED_SWIFT_STANDARD_LIBRARIES = YES;
				BUNDLE_LOADER = "$(TEST_HOST)";
				CODE_SIGN_STYLE = Automatic;
				DEVELOPMENT_TEAM = A46X5PCYG5;
				INFOPLIST_FILE = miniProject2Tests/Info.plist;
				IPHONEOS_DEPLOYMENT_TARGET = 13.5;
				LD_RUNPATH_SEARCH_PATHS = (
					"$(inherited)",
					"@executable_path/Frameworks",
					"@loader_path/Frameworks",
				);
				PRODUCT_BUNDLE_IDENTIFIER = Kayley.miniProject2Tests;
				PRODUCT_NAME = "$(TARGET_NAME)";
				SWIFT_VERSION = 5.0;
				TARGETED_DEVICE_FAMILY = "1,2";
				TEST_HOST = "$(BUILT_PRODUCTS_DIR)/miniProject2.app/miniProject2";
			};
			name = Release;
		};
		8421D2F3249BECDB006557EF /* Debug */ = {
			isa = XCBuildConfiguration;
			buildSettings = {
				ALWAYS_EMBED_SWIFT_STANDARD_LIBRARIES = YES;
				CODE_SIGN_STYLE = Automatic;
				DEVELOPMENT_TEAM = A46X5PCYG5;
				INFOPLIST_FILE = miniProject2UITests/Info.plist;
				LD_RUNPATH_SEARCH_PATHS = (
					"$(inherited)",
					"@executable_path/Frameworks",
					"@loader_path/Frameworks",
				);
				PRODUCT_BUNDLE_IDENTIFIER = Kayley.miniProject2UITests;
				PRODUCT_NAME = "$(TARGET_NAME)";
				SWIFT_VERSION = 5.0;
				TARGETED_DEVICE_FAMILY = "1,2";
				TEST_TARGET_NAME = miniProject2;
			};
			name = Debug;
		};
		8421D2F4249BECDB006557EF /* Release */ = {
			isa = XCBuildConfiguration;
			buildSettings = {
				ALWAYS_EMBED_SWIFT_STANDARD_LIBRARIES = YES;
				CODE_SIGN_STYLE = Automatic;
				DEVELOPMENT_TEAM = A46X5PCYG5;
				INFOPLIST_FILE = miniProject2UITests/Info.plist;
				LD_RUNPATH_SEARCH_PATHS = (
					"$(inherited)",
					"@executable_path/Frameworks",
					"@loader_path/Frameworks",
				);
				PRODUCT_BUNDLE_IDENTIFIER = Kayley.miniProject2UITests;
				PRODUCT_NAME = "$(TARGET_NAME)";
				SWIFT_VERSION = 5.0;
				TARGETED_DEVICE_FAMILY = "1,2";
				TEST_TARGET_NAME = miniProject2;
			};
			name = Release;
		};
/* End XCBuildConfiguration section */

/* Begin XCConfigurationList section */
		8421D2BD249BECD9006557EF /* Build configuration list for PBXProject "miniProject2" */ = {
			isa = XCConfigurationList;
			buildConfigurations = (
				8421D2EA249BECDB006557EF /* Debug */,
				8421D2EB249BECDB006557EF /* Release */,
			);
			defaultConfigurationIsVisible = 0;
			defaultConfigurationName = Release;
		};
		8421D2EC249BECDB006557EF /* Build configuration list for PBXNativeTarget "miniProject2" */ = {
			isa = XCConfigurationList;
			buildConfigurations = (
				8421D2ED249BECDB006557EF /* Debug */,
				8421D2EE249BECDB006557EF /* Release */,
			);
			defaultConfigurationIsVisible = 0;
			defaultConfigurationName = Release;
		};
		8421D2EF249BECDB006557EF /* Build configuration list for PBXNativeTarget "miniProject2Tests" */ = {
			isa = XCConfigurationList;
			buildConfigurations = (
				8421D2F0249BECDB006557EF /* Debug */,
				8421D2F1249BECDB006557EF /* Release */,
			);
			defaultConfigurationIsVisible = 0;
			defaultConfigurationName = Release;
		};
		8421D2F2249BECDB006557EF /* Build configuration list for PBXNativeTarget "miniProject2UITests" */ = {
			isa = XCConfigurationList;
			buildConfigurations = (
				8421D2F3249BECDB006557EF /* Debug */,
				8421D2F4249BECDB006557EF /* Release */,
			);
			defaultConfigurationIsVisible = 0;
			defaultConfigurationName = Release;
		};
/* End XCConfigurationList section */
	};
	rootObject = 8421D2BA249BECD9006557EF /* Project object */;
}
